
Microsoft Visual Studio Solution File, Format Version 12.00
# Visual Studio Version 16
VisualStudioVersion = 16.0.31019.35
MinimumVisualStudioVersion = 10.0.40219.1
Project("{FAE04EC0-301F-11D3-BF4B-00C04F79EFBC}") = "Discord DM Sender", "Discord DM Sender\Discord DM Sender.csproj", "{332044C8-F2FB-45FE-B9E0-6C214A434C47}"
EndProject
Global
	GlobalSection(SolutionConfigurationPlatforms) = preSolution
		Debug|Any CPU = Debug|Any CPU
		Release|Any CPU = Release|Any CPU
	EndGlobalSection
	GlobalSection(ProjectConfigurationPlatforms) = postSolution
		{332044C8-F2FB-45FE-B9E0-6C214A434C47}.Debug|Any CPU.ActiveCfg = Debug|Any CPU
		{332044C8-F2FB-45FE-B9E0-6C214A434C47}.Debug|Any CPU.Build.0 = Debug|Any CPU
		{332044C8-F2FB-45FE-B9E0-6C214A434C47}.Release|Any CPU.ActiveCfg = Release|Any CPU
		{332044C8-F2FB-45FE-B9E0-6C214A434C47}.Release|Any CPU.Build.0 = Release|Any CPU
	EndGlobalSection
	GlobalSection(SolutionProperties) = preSolution
		HideSolutionNode = FALSE
	EndGlobalSection
	GlobalSection(ExtensibilityGlobals) = postSolution
		SolutionGuid = {1A0056F1-605A-42F6-8645-93A8CF15B590}
	EndGlobalSection
EndGlobal
